PODS:
  - Flutter (1.0.0)
  - flutter_inappwebview_ios (0.0.1):
    - Flutter
    - flutter_inappwebview_ios/Core (= 0.0.1)
    - OrderedSet (~> 5.0)
  - flutter_inappwebview_ios/Core (0.0.1):
    - Flutter
    - OrderedSet (~> 5.0)
  - HyperSDK (2.1.40.1):
    - JuspaySafeBrowser (= 0.1.83)
    - Salvator (= 1.0.6)
  - hypersdkflutter (4.0.17):
    - Flutter
    - HyperSDK (= 2.1.40.1)
  - JuspaySafeBrowser (0.1.83)
  - OrderedSet (5.0.0)
  - Salvator (1.0.6)

DEPENDENCIES:
  - Flutter (from `Flutter`)
  - flutter_inappwebview_ios (from `.symlinks/plugins/flutter_inappwebview_ios/ios`)
  - hypersdkflutter (from `.symlinks/plugins/hypersdkflutter/ios`)

SPEC REPOS:
  trunk:
    - HyperSDK
    - JuspaySafeBrowser
    - OrderedSet
    - Salvator

EXTERNAL SOURCES:
  Flutter:
    :path: Flutter
  flutter_inappwebview_ios:
    :path: ".symlinks/plugins/flutter_inappwebview_ios/ios"
  hypersdkflutter:
    :path: ".symlinks/plugins/hypersdkflutter/ios"

SPEC CHECKSUMS:
  Flutter: e0871f40cf51350855a761d2e70bf5af5b9b5de7
  flutter_inappwebview_ios: 97215cf7d4677db55df76782dbd2930c5e1c1ea0
  HyperSDK: 0152839cab1ea2889402c892bebc6fd09cbfc7aa
  hypersdkflutter: 1a43f98d6febba6417bf3f366c22c320baf6e8bc
  JuspaySafeBrowser: 91be796164a40317d5a9153ac6d433a4928ef549
  OrderedSet: aaeb196f7fef5a9edf55d89760da9176ad40b93c
  Salvator: 1de69620ac17123ba3491e27a9a8b35bc5b97eaa

PODFILE CHECKSUM: cba9212f3b66a15bdfc427a805562f0aba11c0e6

COCOAPODS: 1.12.1
